# Code generated by scarb DO NOT EDIT.
version = 1

[[package]]
name = "alexandria_data_structures"
version = "0.2.0"
source = "git+https://github.com/keep-starknet-strange/alexandria.git#8ddf02430dfe04656ed5bf1b99de7024da1aef41"
dependencies = [
 "alexandria_encoding",
]

[[package]]
name = "alexandria_encoding"
version = "0.1.0"
source = "git+https://github.com/keep-starknet-strange/alexandria.git#8ddf02430dfe04656ed5bf1b99de7024da1aef41"
dependencies = [
 "alexandria_math",
 "alexandria_numeric",
]

[[package]]
name = "alexandria_math"
version = "0.2.0"
source = "git+https://github.com/keep-starknet-strange/alexandria.git#8ddf02430dfe04656ed5bf1b99de7024da1aef41"
dependencies = [
 "alexandria_data_structures",
]

[[package]]
name = "alexandria_merkle_tree"
version = "0.1.0"
source = "git+https://github.com/keep-starknet-strange/alexandria.git#8ddf02430dfe04656ed5bf1b99de7024da1aef41"

[[package]]
name = "alexandria_numeric"
version = "0.1.0"
source = "git+https://github.com/keep-starknet-strange/alexandria.git#8ddf02430dfe04656ed5bf1b99de7024da1aef41"
dependencies = [
 "alexandria_math",
]

[[package]]
name = "blob"
version = "0.1.0"
dependencies = [
 "alexandria_math",
 "alexandria_merkle_tree",
 "graffiti",
 "openzeppelin",
 "snforge_std",
]

[[package]]
name = "graffiti"
version = "0.1.0"
source = "git+https://github.com/ponderingdemocritus/graffiti#bc569531791dbc71c6cd8d9bc154c34eedad31fe"

[[package]]
name = "openzeppelin"
version = "0.9.0"
source = "git+https://github.com/OpenZeppelin/cairo-contracts.git#87556e281eefc1b4ab94e0247440bf388b3f8d78"

[[package]]
name = "snforge_std"
version = "0.17.1"
source = "git+https://github.com/foundry-rs/starknet-foundry.git?tag=v0.17.1#f3237f2325d5fd31fb066cbc18f279839521090c"
